{
  "originHash" : "c713a34393f2da83db480a7be196fadaf470c3318db12cd92d93fd6c0bed71e1",
  "pins" : [
    {
      "identity" : "hotkey",
      "kind" : "remoteSourceControl",
      "location" : "https://github.com/soffes/HotKey",
      "state" : {
        "revision" : "a3cf605d7a96f6ff50e04fcb6dea6e2613cfcbe4",
        "version" : "0.2.1"
      }
    },
    {
      "identity" : "sentry-cocoa",
      "kind" : "remoteSourceControl",
      "location" : "https://github.com/getsentry/sentry-cocoa",
      "state" : {
        "revision" : "16cd512711375fa73f25ae5e373f596bdf4251ae",
        "version" : "8.58.0"
      }
    }
  ],
  "version" : 3
}
